{
	"name": "@orago/game",
	"version": "0.0.9",
	"lockfileVersion": 3,
	"requires": true,
	"packages": {
		"": {
			"name": "@orago/game",
			"version": "0.0.9",
			"license": "ISC",
			"dependencies": {
				"@orago/dom": "^0.0.6",
				"@orago/lib": "^0.0.12",
				"@orago/vector": "^0.0.4"
			},
			"devDependencies": {
				"@types/uuid": "^9.0.8",
				"typescript": "^5.3.3"
			}
		},
		"node_modules/@orago/dom": {
			"version": "0.0.6",
			"resolved": "https://registry.npmjs.org/@orago/dom/-/dom-0.0.6.tgz",
			"integrity": "sha512-jLhdLEThm9toR31zz+294yIDM/Mg0ELs7ixoo+pC8NEBZ7ejsEh3ANeaekSCK7fZ+9K3TROQoce6S9c3jwqiow==",
			"dependencies": {
				"uuid": "^9.0.1"
			}
		},
		"node_modules/@orago/lib": {
			"version": "0.0.12",
			"resolved": "https://registry.npmjs.org/@orago/lib/-/lib-0.0.12.tgz",
			"integrity": "sha512-/9DhSN3eJo/UXm2Q1OPNciSlkwHpZdz6DyVwqoo5Qcf1cJipgqR8tA2zJYrMOdEBtjXTFZr3anB3Yefl9522Ig==",
			"hasInstallScript": true,
			"dependencies": {
				"typescript": "^5.3.3"
			}
		},
		"node_modules/@orago/vector": {
			"version": "0.0.4",
			"resolved": "https://registry.npmjs.org/@orago/vector/-/vector-0.0.4.tgz",
			"integrity": "sha512-HK1tSQuVnwqdqQGHeNAg9t1NlzS2NkiPbt+Pr5C3TvHJgVEBCnYMlh+yPq28zVZHpSqSAmQ5joj9RObgp4xWzw==",
			"dependencies": {
				"typescript": "^5.3.3"
			}
		},
		"node_modules/@types/uuid": {
			"version": "9.0.8",
			"resolved": "https://registry.npmjs.org/@types/uuid/-/uuid-9.0.8.tgz",
			"integrity": "sha512-jg+97EGIcY9AGHJJRaaPVgetKDsrTgbRjQ5Msgjh/DQKEFl0DtyRr/VCOyD1T2R1MNeWPK/u7JoGhlDZnKBAfA==",
			"dev": true
		},
		"node_modules/typescript": {
			"version": "5.3.3",
			"resolved": "https://registry.npmjs.org/typescript/-/typescript-5.3.3.tgz",
			"integrity": "sha512-pXWcraxM0uxAS+tN0AG/BF2TyqmHO014Z070UsJ+pFvYuRSq8KH8DmWpnbXe0pEPDHXZV3FcAbJkijJ5oNEnWw==",
			"bin": {
				"tsc": "bin/tsc",
				"tsserver": "bin/tsserver"
			},
			"engines": {
				"node": ">=14.17"
			}
		},
		"node_modules/uuid": {
			"version": "9.0.1",
			"resolved": "https://registry.npmjs.org/uuid/-/uuid-9.0.1.tgz",
			"integrity": "sha512-b+1eJOlsR9K8HJpow9Ok3fiWOWSIcIzXodvv0rQjVoOVNpWMpxf1wZNpt4y9h10odCNrqnYp1OBzRktckBe3sA==",
			"funding": [
				"https://github.com/sponsors/broofa",
				"https://github.com/sponsors/ctavan"
			],
			"bin": {
				"uuid": "dist/bin/uuid"
			}
		}
	}
}
