{
	"name": "@orago/game",
	"version": "0.0.89",
	"lockfileVersion": 3,
	"requires": true,
	"packages": {
		"": {
			"name": "@orago/game",
			"version": "0.0.89",
			"license": "ISC",
			"dependencies": {
				"@orago/ecs": "^0.0.20",
				"@orago/lib": "^0.0.43"
			},
			"devDependencies": {
				"@rollup/plugin-node-resolve": "15.2.3",
				"@rollup/plugin-typescript": "11.1.6",
				"@types/uuid": "^9.0.8",
				"rollup": "^4.52.4",
				"typescript": "^5.7.2"
			},
			"optionalDependencies": {
				"@orago/dom": "^0.0.47"
			}
		},
		"../orago-dom": {
			"name": "@orago/dom",
			"version": "0.0.16",
			"extraneous": true,
			"license": "ISC",
			"dependencies": {
				"@orago/lib": "^0.0.16",
				"uuid": "^9.0.1"
			},
			"devDependencies": {
				"@rollup/plugin-node-resolve": "^15.2.3",
				"@rollup/plugin-typescript": "^11.1.6",
				"@types/uuid": "^9.0.8",
				"rollup": "^4.18.1",
				"tslib": "^2.6.3",
				"typescript": "^5.3.3"
			}
		},
		"node_modules/@orago/dom": {
			"version": "0.0.47",
			"resolved": "https://registry.npmjs.org/@orago/dom/-/dom-0.0.47.tgz",
			"integrity": "sha512-t66NCHUGZB1mst+DyaGmTwjAEoZrPhySOij5korZHWoDP+qgjv++VSG+Wp2d52R7HJWvqb0ZuzacAipHO8IqOA==",
			"license": "ISC",
			"optional": true,
			"dependencies": {
				"@orago/lib": "^0.0.36",
				"uuid": "^9.0.1"
			}
		},
		"node_modules/@orago/dom/node_modules/@orago/lib": {
			"version": "0.0.36",
			"resolved": "https://registry.npmjs.org/@orago/lib/-/lib-0.0.36.tgz",
			"integrity": "sha512-UFYmZrNN3qcq+0/+mVx/BYsxa/LSVaYrI/aJXMqTeA9NuccV+41yVeoS6+mcKLn89zW7ERyaDq1d0tkte1BZGA==",
			"optional": true
		},
		"node_modules/@orago/ecs": {
			"version": "0.0.20",
			"resolved": "https://registry.npmjs.org/@orago/ecs/-/ecs-0.0.20.tgz",
			"integrity": "sha512-V7wTEsr+CadCkUxiHwT1dZPNRWDnw0lkV36ijXUXK3Zio1edSB9dR3M1nYCAQC2QAr1feMjnjhtTE8Xfx8yHug=="
		},
		"node_modules/@orago/lib": {
			"version": "0.0.43",
			"resolved": "https://registry.npmjs.org/@orago/lib/-/lib-0.0.43.tgz",
			"integrity": "sha512-967hekyvDLsjvYnYOMwPRvwihKKaiLVamS68nTNb+tDE2LWik72sCRZeBKLsvpVLgn3CsLLvKsgAYWOuReo15g==",
			"license": "ISC"
		},
		"node_modules/@rollup/plugin-node-resolve": {
			"version": "15.2.3",
			"resolved": "https://registry.npmjs.org/@rollup/plugin-node-resolve/-/plugin-node-resolve-15.2.3.tgz",
			"integrity": "sha512-j/lym8nf5E21LwBT4Df1VD6hRO2L2iwUeUmP7litikRsVp1H6NWx20NEp0Y7su+7XGc476GnXXc4kFeZNGmaSQ==",
			"dev": true,
			"dependencies": {
				"@rollup/pluginutils": "^5.0.1",
				"@types/resolve": "1.20.2",
				"deepmerge": "^4.2.2",
				"is-builtin-module": "^3.2.1",
				"is-module": "^1.0.0",
				"resolve": "^1.22.1"
			},
			"engines": {
				"node": ">=14.0.0"
			},
			"peerDependencies": {
				"rollup": "^2.78.0||^3.0.0||^4.0.0"
			},
			"peerDependenciesMeta": {
				"rollup": {
					"optional": true
				}
			}
		},
		"node_modules/@rollup/plugin-typescript": {
			"version": "11.1.6",
			"resolved": "https://registry.npmjs.org/@rollup/plugin-typescript/-/plugin-typescript-11.1.6.tgz",
			"integrity": "sha512-R92yOmIACgYdJ7dJ97p4K69I8gg6IEHt8M7dUBxN3W6nrO8uUxX5ixl0yU/N3aZTi8WhPuICvOHXQvF6FaykAA==",
			"dev": true,
			"dependencies": {
				"@rollup/pluginutils": "^5.1.0",
				"resolve": "^1.22.1"
			},
			"engines": {
				"node": ">=14.0.0"
			},
			"peerDependencies": {
				"rollup": "^2.14.0||^3.0.0||^4.0.0",
				"tslib": "*",
				"typescript": ">=3.7.0"
			},
			"peerDependenciesMeta": {
				"rollup": {
					"optional": true
				},
				"tslib": {
					"optional": true
				}
			}
		},
		"node_modules/@rollup/pluginutils": {
			"version": "5.1.4",
			"resolved": "https://registry.npmjs.org/@rollup/pluginutils/-/pluginutils-5.1.4.tgz",
			"integrity": "sha512-USm05zrsFxYLPdWWq+K3STlWiT/3ELn3RcV5hJMghpeAIhxfsUIg6mt12CBJBInWMV4VneoV7SfGv8xIwo2qNQ==",
			"dev": true,
			"dependencies": {
				"@types/estree": "^1.0.0",
				"estree-walker": "^2.0.2",
				"picomatch": "^4.0.2"
			},
			"engines": {
				"node": ">=14.0.0"
			},
			"peerDependencies": {
				"rollup": "^1.20.0||^2.0.0||^3.0.0||^4.0.0"
			},
			"peerDependenciesMeta": {
				"rollup": {
					"optional": true
				}
			}
		},
		"node_modules/@rollup/rollup-android-arm-eabi": {
			"version": "4.52.4",
			"resolved": "https://registry.npmjs.org/@rollup/rollup-android-arm-eabi/-/rollup-android-arm-eabi-4.52.4.tgz",
			"integrity": "sha512-BTm2qKNnWIQ5auf4deoetINJm2JzvihvGb9R6K/ETwKLql/Bb3Eg2H1FBp1gUb4YGbydMA3jcmQTR73q7J+GAA==",
			"cpu": [
				"arm"
			],
			"dev": true,
			"license": "MIT",
			"optional": true,
			"os": [
				"android"
			]
		},
		"node_modules/@rollup/rollup-android-arm64": {
			"version": "4.52.4",
			"resolved": "https://registry.npmjs.org/@rollup/rollup-android-arm64/-/rollup-android-arm64-4.52.4.tgz",
			"integrity": "sha512-P9LDQiC5vpgGFgz7GSM6dKPCiqR3XYN1WwJKA4/BUVDjHpYsf3iBEmVz62uyq20NGYbiGPR5cNHI7T1HqxNs2w==",
			"cpu": [
				"arm64"
			],
			"dev": true,
			"license": "MIT",
			"optional": true,
			"os": [
				"android"
			]
		},
		"node_modules/@rollup/rollup-darwin-arm64": {
			"version": "4.52.4",
			"resolved": "https://registry.npmjs.org/@rollup/rollup-darwin-arm64/-/rollup-darwin-arm64-4.52.4.tgz",
			"integrity": "sha512-QRWSW+bVccAvZF6cbNZBJwAehmvG9NwfWHwMy4GbWi/BQIA/laTIktebT2ipVjNncqE6GLPxOok5hsECgAxGZg==",
			"cpu": [
				"arm64"
			],
			"dev": true,
			"license": "MIT",
			"optional": true,
			"os": [
				"darwin"
			]
		},
		"node_modules/@rollup/rollup-darwin-x64": {
			"version": "4.52.4",
			"resolved": "https://registry.npmjs.org/@rollup/rollup-darwin-x64/-/rollup-darwin-x64-4.52.4.tgz",
			"integrity": "sha512-hZgP05pResAkRJxL1b+7yxCnXPGsXU0fG9Yfd6dUaoGk+FhdPKCJ5L1Sumyxn8kvw8Qi5PvQ8ulenUbRjzeCTw==",
			"cpu": [
				"x64"
			],
			"dev": true,
			"license": "MIT",
			"optional": true,
			"os": [
				"darwin"
			]
		},
		"node_modules/@rollup/rollup-freebsd-arm64": {
			"version": "4.52.4",
			"resolved": "https://registry.npmjs.org/@rollup/rollup-freebsd-arm64/-/rollup-freebsd-arm64-4.52.4.tgz",
			"integrity": "sha512-xmc30VshuBNUd58Xk4TKAEcRZHaXlV+tCxIXELiE9sQuK3kG8ZFgSPi57UBJt8/ogfhAF5Oz4ZSUBN77weM+mQ==",
			"cpu": [
				"arm64"
			],
			"dev": true,
			"license": "MIT",
			"optional": true,
			"os": [
				"freebsd"
			]
		},
		"node_modules/@rollup/rollup-freebsd-x64": {
			"version": "4.52.4",
			"resolved": "https://registry.npmjs.org/@rollup/rollup-freebsd-x64/-/rollup-freebsd-x64-4.52.4.tgz",
			"integrity": "sha512-WdSLpZFjOEqNZGmHflxyifolwAiZmDQzuOzIq9L27ButpCVpD7KzTRtEG1I0wMPFyiyUdOO+4t8GvrnBLQSwpw==",
			"cpu": [
				"x64"
			],
			"dev": true,
			"license": "MIT",
			"optional": true,
			"os": [
				"freebsd"
			]
		},
		"node_modules/@rollup/rollup-linux-arm-gnueabihf": {
			"version": "4.52.4",
			"resolved": "https://registry.npmjs.org/@rollup/rollup-linux-arm-gnueabihf/-/rollup-linux-arm-gnueabihf-4.52.4.tgz",
			"integrity": "sha512-xRiOu9Of1FZ4SxVbB0iEDXc4ddIcjCv2aj03dmW8UrZIW7aIQ9jVJdLBIhxBI+MaTnGAKyvMwPwQnoOEvP7FgQ==",
			"cpu": [
				"arm"
			],
			"dev": true,
			"license": "MIT",
			"optional": true,
			"os": [
				"linux"
			]
		},
		"node_modules/@rollup/rollup-linux-arm-musleabihf": {
			"version": "4.52.4",
			"resolved": "https://registry.npmjs.org/@rollup/rollup-linux-arm-musleabihf/-/rollup-linux-arm-musleabihf-4.52.4.tgz",
			"integrity": "sha512-FbhM2p9TJAmEIEhIgzR4soUcsW49e9veAQCziwbR+XWB2zqJ12b4i/+hel9yLiD8pLncDH4fKIPIbt5238341Q==",
			"cpu": [
				"arm"
			],
			"dev": true,
			"license": "MIT",
			"optional": true,
			"os": [
				"linux"
			]
		},
		"node_modules/@rollup/rollup-linux-arm64-gnu": {
			"version": "4.52.4",
			"resolved": "https://registry.npmjs.org/@rollup/rollup-linux-arm64-gnu/-/rollup-linux-arm64-gnu-4.52.4.tgz",
			"integrity": "sha512-4n4gVwhPHR9q/g8lKCyz0yuaD0MvDf7dV4f9tHt0C73Mp8h38UCtSCSE6R9iBlTbXlmA8CjpsZoujhszefqueg==",
			"cpu": [
				"arm64"
			],
			"dev": true,
			"license": "MIT",
			"optional": true,
			"os": [
				"linux"
			]
		},
		"node_modules/@rollup/rollup-linux-arm64-musl": {
			"version": "4.52.4",
			"resolved": "https://registry.npmjs.org/@rollup/rollup-linux-arm64-musl/-/rollup-linux-arm64-musl-4.52.4.tgz",
			"integrity": "sha512-u0n17nGA0nvi/11gcZKsjkLj1QIpAuPFQbR48Subo7SmZJnGxDpspyw2kbpuoQnyK+9pwf3pAoEXerJs/8Mi9g==",
			"cpu": [
				"arm64"
			],
			"dev": true,
			"license": "MIT",
			"optional": true,
			"os": [
				"linux"
			]
		},
		"node_modules/@rollup/rollup-linux-loong64-gnu": {
			"version": "4.52.4",
			"resolved": "https://registry.npmjs.org/@rollup/rollup-linux-loong64-gnu/-/rollup-linux-loong64-gnu-4.52.4.tgz",
			"integrity": "sha512-0G2c2lpYtbTuXo8KEJkDkClE/+/2AFPdPAbmaHoE870foRFs4pBrDehilMcrSScrN/fB/1HTaWO4bqw+ewBzMQ==",
			"cpu": [
				"loong64"
			],
			"dev": true,
			"license": "MIT",
			"optional": true,
			"os": [
				"linux"
			]
		},
		"node_modules/@rollup/rollup-linux-ppc64-gnu": {
			"version": "4.52.4",
			"resolved": "https://registry.npmjs.org/@rollup/rollup-linux-ppc64-gnu/-/rollup-linux-ppc64-gnu-4.52.4.tgz",
			"integrity": "sha512-teSACug1GyZHmPDv14VNbvZFX779UqWTsd7KtTM9JIZRDI5NUwYSIS30kzI8m06gOPB//jtpqlhmraQ68b5X2g==",
			"cpu": [
				"ppc64"
			],
			"dev": true,
			"license": "MIT",
			"optional": true,
			"os": [
				"linux"
			]
		},
		"node_modules/@rollup/rollup-linux-riscv64-gnu": {
			"version": "4.52.4",
			"resolved": "https://registry.npmjs.org/@rollup/rollup-linux-riscv64-gnu/-/rollup-linux-riscv64-gnu-4.52.4.tgz",
			"integrity": "sha512-/MOEW3aHjjs1p4Pw1Xk4+3egRevx8Ji9N6HUIA1Ifh8Q+cg9dremvFCUbOX2Zebz80BwJIgCBUemjqhU5XI5Eg==",
			"cpu": [
				"riscv64"
			],
			"dev": true,
			"license": "MIT",
			"optional": true,
			"os": [
				"linux"
			]
		},
		"node_modules/@rollup/rollup-linux-riscv64-musl": {
			"version": "4.52.4",
			"resolved": "https://registry.npmjs.org/@rollup/rollup-linux-riscv64-musl/-/rollup-linux-riscv64-musl-4.52.4.tgz",
			"integrity": "sha512-1HHmsRyh845QDpEWzOFtMCph5Ts+9+yllCrREuBR/vg2RogAQGGBRC8lDPrPOMnrdOJ+mt1WLMOC2Kao/UwcvA==",
			"cpu": [
				"riscv64"
			],
			"dev": true,
			"license": "MIT",
			"optional": true,
			"os": [
				"linux"
			]
		},
		"node_modules/@rollup/rollup-linux-s390x-gnu": {
			"version": "4.52.4",
			"resolved": "https://registry.npmjs.org/@rollup/rollup-linux-s390x-gnu/-/rollup-linux-s390x-gnu-4.52.4.tgz",
			"integrity": "sha512-seoeZp4L/6D1MUyjWkOMRU6/iLmCU2EjbMTyAG4oIOs1/I82Y5lTeaxW0KBfkUdHAWN7j25bpkt0rjnOgAcQcA==",
			"cpu": [
				"s390x"
			],
			"dev": true,
			"license": "MIT",
			"optional": true,
			"os": [
				"linux"
			]
		},
		"node_modules/@rollup/rollup-linux-x64-gnu": {
			"version": "4.52.4",
			"resolved": "https://registry.npmjs.org/@rollup/rollup-linux-x64-gnu/-/rollup-linux-x64-gnu-4.52.4.tgz",
			"integrity": "sha512-Wi6AXf0k0L7E2gteNsNHUs7UMwCIhsCTs6+tqQ5GPwVRWMaflqGec4Sd8n6+FNFDw9vGcReqk2KzBDhCa1DLYg==",
			"cpu": [
				"x64"
			],
			"dev": true,
			"license": "MIT",
			"optional": true,
			"os": [
				"linux"
			]
		},
		"node_modules/@rollup/rollup-linux-x64-musl": {
			"version": "4.52.4",
			"resolved": "https://registry.npmjs.org/@rollup/rollup-linux-x64-musl/-/rollup-linux-x64-musl-4.52.4.tgz",
			"integrity": "sha512-dtBZYjDmCQ9hW+WgEkaffvRRCKm767wWhxsFW3Lw86VXz/uJRuD438/XvbZT//B96Vs8oTA8Q4A0AfHbrxP9zw==",
			"cpu": [
				"x64"
			],
			"dev": true,
			"license": "MIT",
			"optional": true,
			"os": [
				"linux"
			]
		},
		"node_modules/@rollup/rollup-openharmony-arm64": {
			"version": "4.52.4",
			"resolved": "https://registry.npmjs.org/@rollup/rollup-openharmony-arm64/-/rollup-openharmony-arm64-4.52.4.tgz",
			"integrity": "sha512-1ox+GqgRWqaB1RnyZXL8PD6E5f7YyRUJYnCqKpNzxzP0TkaUh112NDrR9Tt+C8rJ4x5G9Mk8PQR3o7Ku2RKqKA==",
			"cpu": [
				"arm64"
			],
			"dev": true,
			"license": "MIT",
			"optional": true,
			"os": [
				"openharmony"
			]
		},
		"node_modules/@rollup/rollup-win32-arm64-msvc": {
			"version": "4.52.4",
			"resolved": "https://registry.npmjs.org/@rollup/rollup-win32-arm64-msvc/-/rollup-win32-arm64-msvc-4.52.4.tgz",
			"integrity": "sha512-8GKr640PdFNXwzIE0IrkMWUNUomILLkfeHjXBi/nUvFlpZP+FA8BKGKpacjW6OUUHaNI6sUURxR2U2g78FOHWQ==",
			"cpu": [
				"arm64"
			],
			"dev": true,
			"license": "MIT",
			"optional": true,
			"os": [
				"win32"
			]
		},
		"node_modules/@rollup/rollup-win32-ia32-msvc": {
			"version": "4.52.4",
			"resolved": "https://registry.npmjs.org/@rollup/rollup-win32-ia32-msvc/-/rollup-win32-ia32-msvc-4.52.4.tgz",
			"integrity": "sha512-AIy/jdJ7WtJ/F6EcfOb2GjR9UweO0n43jNObQMb6oGxkYTfLcnN7vYYpG+CN3lLxrQkzWnMOoNSHTW54pgbVxw==",
			"cpu": [
				"ia32"
			],
			"dev": true,
			"license": "MIT",
			"optional": true,
			"os": [
				"win32"
			]
		},
		"node_modules/@rollup/rollup-win32-x64-gnu": {
			"version": "4.52.4",
			"resolved": "https://registry.npmjs.org/@rollup/rollup-win32-x64-gnu/-/rollup-win32-x64-gnu-4.52.4.tgz",
			"integrity": "sha512-UF9KfsH9yEam0UjTwAgdK0anlQ7c8/pWPU2yVjyWcF1I1thABt6WXE47cI71pGiZ8wGvxohBoLnxM04L/wj8mQ==",
			"cpu": [
				"x64"
			],
			"dev": true,
			"license": "MIT",
			"optional": true,
			"os": [
				"win32"
			]
		},
		"node_modules/@rollup/rollup-win32-x64-msvc": {
			"version": "4.52.4",
			"resolved": "https://registry.npmjs.org/@rollup/rollup-win32-x64-msvc/-/rollup-win32-x64-msvc-4.52.4.tgz",
			"integrity": "sha512-bf9PtUa0u8IXDVxzRToFQKsNCRz9qLYfR/MpECxl4mRoWYjAeFjgxj1XdZr2M/GNVpT05p+LgQOHopYDlUu6/w==",
			"cpu": [
				"x64"
			],
			"dev": true,
			"license": "MIT",
			"optional": true,
			"os": [
				"win32"
			]
		},
		"node_modules/@types/estree": {
			"version": "1.0.8",
			"resolved": "https://registry.npmjs.org/@types/estree/-/estree-1.0.8.tgz",
			"integrity": "sha512-dWHzHa2WqEXI/O1E9OjrocMTKJl2mSrEolh1Iomrv6U+JuNwaHXsXx9bLu5gG7BUWFIN0skIQJQ/L1rIex4X6w==",
			"dev": true,
			"license": "MIT"
		},
		"node_modules/@types/resolve": {
			"version": "1.20.2",
			"resolved": "https://registry.npmjs.org/@types/resolve/-/resolve-1.20.2.tgz",
			"integrity": "sha512-60BCwRFOZCQhDncwQdxxeOEEkbc5dIMccYLwbxsS4TUNeVECQ/pBJ0j09mrHOl/JJvpRPGwO9SvE4nR2Nb/a4Q==",
			"dev": true
		},
		"node_modules/@types/uuid": {
			"version": "9.0.8",
			"dev": true,
			"license": "MIT"
		},
		"node_modules/builtin-modules": {
			"version": "3.3.0",
			"resolved": "https://registry.npmjs.org/builtin-modules/-/builtin-modules-3.3.0.tgz",
			"integrity": "sha512-zhaCDicdLuWN5UbN5IMnFqNMhNfo919sH85y2/ea+5Yg9TsTkeZxpL+JLbp6cgYFS4sRLp3YV4S6yDuqVWHYOw==",
			"dev": true,
			"engines": {
				"node": ">=6"
			},
			"funding": {
				"url": "https://github.com/sponsors/sindresorhus"
			}
		},
		"node_modules/deepmerge": {
			"version": "4.3.1",
			"resolved": "https://registry.npmjs.org/deepmerge/-/deepmerge-4.3.1.tgz",
			"integrity": "sha512-3sUqbMEc77XqpdNO7FRyRog+eW3ph+GYCbj+rK+uYyRMuwsVy0rMiVtPn+QJlKFvWP/1PYpapqYn0Me2knFn+A==",
			"dev": true,
			"engines": {
				"node": ">=0.10.0"
			}
		},
		"node_modules/estree-walker": {
			"version": "2.0.2",
			"resolved": "https://registry.npmjs.org/estree-walker/-/estree-walker-2.0.2.tgz",
			"integrity": "sha512-Rfkk/Mp/DL7JVje3u18FxFujQlTNR2q6QfMSMB7AvCBx91NGj/ba3kCfza0f6dVDbw7YlRf/nDrn7pQrCCyQ/w==",
			"dev": true
		},
		"node_modules/fsevents": {
			"version": "2.3.3",
			"resolved": "https://registry.npmjs.org/fsevents/-/fsevents-2.3.3.tgz",
			"integrity": "sha512-5xoDfX+fL7faATnagmWPpbFtwh/R77WmMMqqHGS65C3vvB0YHrgF+B1YmZ3441tMj5n63k0212XNoJwzlhffQw==",
			"dev": true,
			"hasInstallScript": true,
			"optional": true,
			"os": [
				"darwin"
			],
			"engines": {
				"node": "^8.16.0 || ^10.6.0 || >=11.0.0"
			}
		},
		"node_modules/function-bind": {
			"version": "1.1.2",
			"resolved": "https://registry.npmjs.org/function-bind/-/function-bind-1.1.2.tgz",
			"integrity": "sha512-7XHNxH7qX9xG5mIwxkhumTox/MIRNcOgDrxWsMt2pAr23WHp6MrRlN7FBSFpCpr+oVO0F744iUgR82nJMfG2SA==",
			"dev": true,
			"funding": {
				"url": "https://github.com/sponsors/ljharb"
			}
		},
		"node_modules/hasown": {
			"version": "2.0.2",
			"resolved": "https://registry.npmjs.org/hasown/-/hasown-2.0.2.tgz",
			"integrity": "sha512-0hJU9SCPvmMzIBdZFqNPXWa6dqh7WdH0cII9y+CyS8rG3nL48Bclra9HmKhVVUHyPWNH5Y7xDwAB7bfgSjkUMQ==",
			"dev": true,
			"dependencies": {
				"function-bind": "^1.1.2"
			},
			"engines": {
				"node": ">= 0.4"
			}
		},
		"node_modules/is-builtin-module": {
			"version": "3.2.1",
			"resolved": "https://registry.npmjs.org/is-builtin-module/-/is-builtin-module-3.2.1.tgz",
			"integrity": "sha512-BSLE3HnV2syZ0FK0iMA/yUGplUeMmNz4AW5fnTunbCIqZi4vG3WjJT9FHMy5D69xmAYBHXQhJdALdpwVxV501A==",
			"dev": true,
			"dependencies": {
				"builtin-modules": "^3.3.0"
			},
			"engines": {
				"node": ">=6"
			},
			"funding": {
				"url": "https://github.com/sponsors/sindresorhus"
			}
		},
		"node_modules/is-core-module": {
			"version": "2.16.1",
			"resolved": "https://registry.npmjs.org/is-core-module/-/is-core-module-2.16.1.tgz",
			"integrity": "sha512-UfoeMA6fIJ8wTYFEUjelnaGI67v6+N7qXJEvQuIGa99l4xsCruSYOVSQ0uPANn4dAzm8lkYPaKLrrijLq7x23w==",
			"dev": true,
			"dependencies": {
				"hasown": "^2.0.2"
			},
			"engines": {
				"node": ">= 0.4"
			},
			"funding": {
				"url": "https://github.com/sponsors/ljharb"
			}
		},
		"node_modules/is-module": {
			"version": "1.0.0",
			"resolved": "https://registry.npmjs.org/is-module/-/is-module-1.0.0.tgz",
			"integrity": "sha512-51ypPSPCoTEIN9dy5Oy+h4pShgJmPCygKfyRCISBI+JoWT/2oJvK8QPxmwv7b/p239jXrm9M1mlQbyKJ5A152g==",
			"dev": true
		},
		"node_modules/path-parse": {
			"version": "1.0.7",
			"resolved": "https://registry.npmjs.org/path-parse/-/path-parse-1.0.7.tgz",
			"integrity": "sha512-LDJzPVEEEPR+y48z93A0Ed0yXb8pAByGWo/k5YYdYgpY2/2EsOsksJrq7lOHxryrVOn1ejG6oAp8ahvOIQD8sw==",
			"dev": true
		},
		"node_modules/picomatch": {
			"version": "4.0.2",
			"resolved": "https://registry.npmjs.org/picomatch/-/picomatch-4.0.2.tgz",
			"integrity": "sha512-M7BAV6Rlcy5u+m6oPhAPFgJTzAioX/6B0DxyvDlo9l8+T3nLKbrczg2WLUyzd45L8RqfUMyGPzekbMvX2Ldkwg==",
			"dev": true,
			"engines": {
				"node": ">=12"
			},
			"funding": {
				"url": "https://github.com/sponsors/jonschlinkert"
			}
		},
		"node_modules/resolve": {
			"version": "1.22.10",
			"resolved": "https://registry.npmjs.org/resolve/-/resolve-1.22.10.tgz",
			"integrity": "sha512-NPRy+/ncIMeDlTAsuqwKIiferiawhefFJtkNSW0qZJEqMEb+qBt/77B/jGeeek+F0uOeN05CDa6HXbbIgtVX4w==",
			"dev": true,
			"dependencies": {
				"is-core-module": "^2.16.0",
				"path-parse": "^1.0.7",
				"supports-preserve-symlinks-flag": "^1.0.0"
			},
			"bin": {
				"resolve": "bin/resolve"
			},
			"engines": {
				"node": ">= 0.4"
			},
			"funding": {
				"url": "https://github.com/sponsors/ljharb"
			}
		},
		"node_modules/rollup": {
			"version": "4.52.4",
			"resolved": "https://registry.npmjs.org/rollup/-/rollup-4.52.4.tgz",
			"integrity": "sha512-CLEVl+MnPAiKh5pl4dEWSyMTpuflgNQiLGhMv8ezD5W/qP8AKvmYpCOKRRNOh7oRKnauBZ4SyeYkMS+1VSyKwQ==",
			"dev": true,
			"license": "MIT",
			"dependencies": {
				"@types/estree": "1.0.8"
			},
			"bin": {
				"rollup": "dist/bin/rollup"
			},
			"engines": {
				"node": ">=18.0.0",
				"npm": ">=8.0.0"
			},
			"optionalDependencies": {
				"@rollup/rollup-android-arm-eabi": "4.52.4",
				"@rollup/rollup-android-arm64": "4.52.4",
				"@rollup/rollup-darwin-arm64": "4.52.4",
				"@rollup/rollup-darwin-x64": "4.52.4",
				"@rollup/rollup-freebsd-arm64": "4.52.4",
				"@rollup/rollup-freebsd-x64": "4.52.4",
				"@rollup/rollup-linux-arm-gnueabihf": "4.52.4",
				"@rollup/rollup-linux-arm-musleabihf": "4.52.4",
				"@rollup/rollup-linux-arm64-gnu": "4.52.4",
				"@rollup/rollup-linux-arm64-musl": "4.52.4",
				"@rollup/rollup-linux-loong64-gnu": "4.52.4",
				"@rollup/rollup-linux-ppc64-gnu": "4.52.4",
				"@rollup/rollup-linux-riscv64-gnu": "4.52.4",
				"@rollup/rollup-linux-riscv64-musl": "4.52.4",
				"@rollup/rollup-linux-s390x-gnu": "4.52.4",
				"@rollup/rollup-linux-x64-gnu": "4.52.4",
				"@rollup/rollup-linux-x64-musl": "4.52.4",
				"@rollup/rollup-openharmony-arm64": "4.52.4",
				"@rollup/rollup-win32-arm64-msvc": "4.52.4",
				"@rollup/rollup-win32-ia32-msvc": "4.52.4",
				"@rollup/rollup-win32-x64-gnu": "4.52.4",
				"@rollup/rollup-win32-x64-msvc": "4.52.4",
				"fsevents": "~2.3.2"
			}
		},
		"node_modules/supports-preserve-symlinks-flag": {
			"version": "1.0.0",
			"resolved": "https://registry.npmjs.org/supports-preserve-symlinks-flag/-/supports-preserve-symlinks-flag-1.0.0.tgz",
			"integrity": "sha512-ot0WnXS9fgdkgIcePe6RHNk1WA8+muPa6cSjeR3V8K27q9BB1rTE3R1p7Hv0z1ZyAc8s6Vvv8DIyWf681MAt0w==",
			"dev": true,
			"engines": {
				"node": ">= 0.4"
			},
			"funding": {
				"url": "https://github.com/sponsors/ljharb"
			}
		},
		"node_modules/tslib": {
			"version": "2.8.1",
			"resolved": "https://registry.npmjs.org/tslib/-/tslib-2.8.1.tgz",
			"integrity": "sha512-oJFu94HQb+KVduSUQL7wnpmqnfmLsOA/nAh6b6EH0wCEoK0/mPeXU6c3wKDV83MkOuHPRHtSXKKU99IBazS/2w==",
			"dev": true,
			"optional": true,
			"peer": true
		},
		"node_modules/typescript": {
			"version": "5.7.2",
			"resolved": "https://registry.npmjs.org/typescript/-/typescript-5.7.2.tgz",
			"integrity": "sha512-i5t66RHxDvVN40HfDd1PsEThGNnlMCMT3jMUuoh9/0TaqWevNontacunWyN02LA9/fIbEWlcHZcgTKb9QoaLfg==",
			"dev": true,
			"bin": {
				"tsc": "bin/tsc",
				"tsserver": "bin/tsserver"
			},
			"engines": {
				"node": ">=14.17"
			}
		},
		"node_modules/uuid": {
			"version": "9.0.1",
			"funding": [
				"https://github.com/sponsors/broofa",
				"https://github.com/sponsors/ctavan"
			],
			"license": "MIT",
			"optional": true,
			"bin": {
				"uuid": "dist/bin/uuid"
			}
		}
	}
}
