{
	"name": "@orago/game",
	"version": "0.0.3",
	"lockfileVersion": 3,
	"requires": true,
	"packages": {
		"": {
			"name": "@orago/game",
			"version": "0.0.3",
			"license": "ISC",
			"dependencies": {
				"@orago/dom": "^0.0.1",
				"@orago/lib": "^0.0.2",
				"@orago/vector": "^0.0.3"
			}
		},
		"node_modules/@orago/dom": {
			"version": "0.0.1",
			"resolved": "https://registry.npmjs.org/@orago/dom/-/dom-0.0.1.tgz",
			"integrity": "sha512-WaSo56/IAupqSM0zYG7HvGW+00tJe1JfRVotNtI6JpM1/Cl4tDHYtJPFoAZzs2sr1tJw17/Rpjl5P4oGjb3zNw==",
			"dependencies": {
				"uuid": "^9.0.1"
			}
		},
		"node_modules/@orago/lib": {
			"version": "0.0.2",
			"resolved": "https://registry.npmjs.org/@orago/lib/-/lib-0.0.2.tgz",
			"integrity": "sha512-XHOQQKbYysxj8RqcN6C2jv/yzm6b+16ooNU0qaqLalNI1nQUXp+FSHMziQcRo9TN3NxM6+scaQZka57nWGzBJg=="
		},
		"node_modules/@orago/vector": {
			"version": "0.0.3",
			"resolved": "https://registry.npmjs.org/@orago/vector/-/vector-0.0.3.tgz",
			"integrity": "sha512-5XCpy+VqdkUa96X/UWCvwlWHHL6XgIMDTNQ178/QHtYHOnraqqaPb4UVc1rvLphoLLdXifzY9FGh7pW262gcdQ=="
		},
		"node_modules/uuid": {
			"version": "9.0.1",
			"resolved": "https://registry.npmjs.org/uuid/-/uuid-9.0.1.tgz",
			"integrity": "sha512-b+1eJOlsR9K8HJpow9Ok3fiWOWSIcIzXodvv0rQjVoOVNpWMpxf1wZNpt4y9h10odCNrqnYp1OBzRktckBe3sA==",
			"funding": [
				"https://github.com/sponsors/broofa",
				"https://github.com/sponsors/ctavan"
			],
			"bin": {
				"uuid": "dist/bin/uuid"
			}
		}
	}
}
